// !$*UTF8*$!
{
	archiveVersion = 1;
	classes = {
	};
	objectVersion = 51;
	objects = {

/* Begin PBXBuildFile section */
		4626E8982468C2690085F60E /* Kategoriler.swift in Sources */ = {isa = PBXBuildFile; fileRef = 4626E8972468C2690085F60E /* Kategoriler.swift */; };
		4626E89A2468C35A0085F60E /* Sabitler.swift in Sources */ = {isa = PBXBuildFile; fileRef = 4626E8992468C35A0085F60E /* Sabitler.swift */; };
		4626E89C2468C7EB0085F60E /* Fikir.swift in Sources */ = {isa = PBXBuildFile; fileRef = 4626E89B2468C7EB0085F60E /* Fikir.swift */; };
		4626E89E2468C9210085F60E /* FikirCell.swift in Sources */ = {isa = PBXBuildFile; fileRef = 4626E89D2468C9210085F60E /* FikirCell.swift */; };
		467AB4762464D92B00CB0809 /* AppDelegate.swift in Sources */ = {isa = PBXBuildFile; fileRef = 467AB4752464D92B00CB0809 /* AppDelegate.swift */; };
		467AB4782464D92B00CB0809 /* SceneDelegate.swift in Sources */ = {isa = PBXBuildFile; fileRef = 467AB4772464D92B00CB0809 /* SceneDelegate.swift */; };
		467AB47A2464D92B00CB0809 /* AnaVC.swift in Sources */ = {isa = PBXBuildFile; fileRef = 467AB4792464D92B00CB0809 /* AnaVC.swift */; };
		467AB47D2464D92B00CB0809 /* Main.storyboard in Resources */ = {isa = PBXBuildFile; fileRef = 467AB47B2464D92B00CB0809 /* Main.storyboard */; };
		467AB47F2464D92D00CB0809 /* Assets.xcassets in Resources */ = {isa = PBXBuildFile; fileRef = 467AB47E2464D92D00CB0809 /* Assets.xcassets */; };
		467AB4822464D92D00CB0809 /* LaunchScreen.storyboard in Resources */ = {isa = PBXBuildFile; fileRef = 467AB4802464D92D00CB0809 /* LaunchScreen.storyboard */; };
		467AB48A2464DA8200CB0809 /* GoogleService-Info.plist in Resources */ = {isa = PBXBuildFile; fileRef = 467AB4892464DA8200CB0809 /* GoogleService-Info.plist */; };
		467AB48C2464E46800CB0809 /* FikirEkleVC.swift in Sources */ = {isa = PBXBuildFile; fileRef = 467AB48B2464E46800CB0809 /* FikirEkleVC.swift */; };
		46B38E852469B07E00F8C93A /* GirisVC.swift in Sources */ = {isa = PBXBuildFile; fileRef = 46B38E842469B07E00F8C93A /* GirisVC.swift */; };
		46B38E872469B21000F8C93A /* KaydolVC.swift in Sources */ = {isa = PBXBuildFile; fileRef = 46B38E862469B21000F8C93A /* KaydolVC.swift */; };
		EBD6D67812C7C562F77A6224 /* Pods_TatliSozluk.framework in Frameworks */ = {isa = PBXBuildFile; fileRef = 5AC1A5ED488F7144BDB90FBC /* Pods_TatliSozluk.framework */; };
/* End PBXBuildFile section */

/* Begin PBXFileReference section */
		2971727C7D94D1F780055B48 /* Pods-TatliSozluk.release.xcconfig */ = {isa = PBXFileReference; includeInIndex = 1; lastKnownFileType = text.xcconfig; name = "Pods-TatliSozluk.release.xcconfig"; path = "Target Support Files/Pods-TatliSozluk/Pods-TatliSozluk.release.xcconfig"; sourceTree = "<group>"; };
		4626E8972468C2690085F60E /* Kategoriler.swift */ = {isa = PBXFileReference; lastKnownFileType = sourcecode.swift; path = Kategoriler.swift; sourceTree = "<group>"; };
		4626E8992468C35A0085F60E /* Sabitler.swift */ = {isa = PBXFileReference; lastKnownFileType = sourcecode.swift; path = Sabitler.swift; sourceTree = "<group>"; };
		4626E89B2468C7EB0085F60E /* Fikir.swift */ = {isa = PBXFileReference; lastKnownFileType = sourcecode.swift; path = Fikir.swift; sourceTree = "<group>"; };
		4626E89D2468C9210085F60E /* FikirCell.swift */ = {isa = PBXFileReference; lastKnownFileType = sourcecode.swift; path = FikirCell.swift; sourceTree = "<group>"; };
		467AB4722464D92B00CB0809 /* TatliSozluk.app */ = {isa = PBXFileReference; explicitFileType = wrapper.application; includeInIndex = 0; path = TatliSozluk.app; sourceTree = BUILT_PRODUCTS_DIR; };
		467AB4752464D92B00CB0809 /* AppDelegate.swift */ = {isa = PBXFileReference; lastKnownFileType = sourcecode.swift; path = AppDelegate.swift; sourceTree = "<group>"; };
		467AB4772464D92B00CB0809 /* SceneDelegate.swift */ = {isa = PBXFileReference; lastKnownFileType = sourcecode.swift; path = SceneDelegate.swift; sourceTree = "<group>"; };
		467AB4792464D92B00CB0809 /* AnaVC.swift */ = {isa = PBXFileReference; lastKnownFileType = sourcecode.swift; path = AnaVC.swift; sourceTree = "<group>"; };
		467AB47C2464D92B00CB0809 /* Base */ = {isa = PBXFileReference; lastKnownFileType = file.storyboard; name = Base; path = Base.lproj/Main.storyboard; sourceTree = "<group>"; };
		467AB47E2464D92D00CB0809 /* Assets.xcassets */ = {isa = PBXFileReference; lastKnownFileType = folder.assetcatalog; path = Assets.xcassets; sourceTree = "<group>"; };
		467AB4812464D92D00CB0809 /* Base */ = {isa = PBXFileReference; lastKnownFileType = file.storyboard; name = Base; path = Base.lproj/LaunchScreen.storyboard; sourceTree = "<group>"; };
		467AB4832464D92D00CB0809 /* Info.plist */ = {isa = PBXFileReference; lastKnownFileType = text.plist.xml; path = Info.plist; sourceTree = "<group>"; };
		467AB4892464DA8200CB0809 /* GoogleService-Info.plist */ = {isa = PBXFileReference; fileEncoding = 4; lastKnownFileType = text.plist.xml; path = "GoogleService-Info.plist"; sourceTree = "<group>"; };
		467AB48B2464E46800CB0809 /* FikirEkleVC.swift */ = {isa = PBXFileReference; lastKnownFileType = sourcecode.swift; path = FikirEkleVC.swift; sourceTree = "<group>"; };
		46B38E842469B07E00F8C93A /* GirisVC.swift */ = {isa = PBXFileReference; lastKnownFileType = sourcecode.swift; path = GirisVC.swift; sourceTree = "<group>"; };
		46B38E862469B21000F8C93A /* KaydolVC.swift */ = {isa = PBXFileReference; lastKnownFileType = sourcecode.swift; path = KaydolVC.swift; sourceTree = "<group>"; };
		5AC1A5ED488F7144BDB90FBC /* Pods_TatliSozluk.framework */ = {isa = PBXFileReference; explicitFileType = wrapper.framework; includeInIndex = 0; path = Pods_TatliSozluk.framework; sourceTree = BUILT_PRODUCTS_DIR; };
		6848FF7B3EFF5B37CFED81EC /* Pods-TatliSozluk.debug.xcconfig */ = {isa = PBXFileReference; includeInIndex = 1; lastKnownFileType = text.xcconfig; name = "Pods-TatliSozluk.debug.xcconfig"; path = "Target Support Files/Pods-TatliSozluk/Pods-TatliSozluk.debug.xcconfig"; sourceTree = "<group>"; };
/* End PBXFileReference section */

/* Begin PBXFrameworksBuildPhase section */
		467AB46F2464D92B00CB0809 /* Frameworks */ = {
			isa = PBXFrameworksBuildPhase;
			buildActionMask = 2147483647;
			files = (
				EBD6D67812C7C562F77A6224 /* Pods_TatliSozluk.framework in Frameworks */,
			);
			runOnlyForDeploymentPostprocessing = 0;
		};
/* End PBXFrameworksBuildPhase section */

/* Begin PBXGroup section */
		467AB4692464D92B00CB0809 = {
			isa = PBXGroup;
			children = (
				467AB4742464D92B00CB0809 /* TatliSozluk */,
				467AB4732464D92B00CB0809 /* Products */,
				8B8E8CFA1CE93DA6AF073DA1 /* Pods */,
				87D3CB8FB39035D24CDA81CC /* Frameworks */,
			);
			sourceTree = "<group>";
		};
		467AB4732464D92B00CB0809 /* Products */ = {
			isa = PBXGroup;
			children = (
				467AB4722464D92B00CB0809 /* TatliSozluk.app */,
			);
			name = Products;
			sourceTree = "<group>";
		};
		467AB4742464D92B00CB0809 /* TatliSozluk */ = {
			isa = PBXGroup;
			children = (
				467AB4752464D92B00CB0809 /* AppDelegate.swift */,
				467AB4772464D92B00CB0809 /* SceneDelegate.swift */,
				46C9F3F72468BD2200CDDD5D /* Model */,
				46C9F3F62468BD1F00CDDD5D /* View */,
				46C9F3F52468BD1D00CDDD5D /* Controller */,
				467AB47B2464D92B00CB0809 /* Main.storyboard */,
				467AB47E2464D92D00CB0809 /* Assets.xcassets */,
				467AB4802464D92D00CB0809 /* LaunchScreen.storyboard */,
				467AB4832464D92D00CB0809 /* Info.plist */,
				467AB4892464DA8200CB0809 /* GoogleService-Info.plist */,
			);
			path = TatliSozluk;
			sourceTree = "<group>";
		};
		46C9F3F52468BD1D00CDDD5D /* Controller */ = {
			isa = PBXGroup;
			children = (
				467AB4792464D92B00CB0809 /* AnaVC.swift */,
				467AB48B2464E46800CB0809 /* FikirEkleVC.swift */,
				46B38E842469B07E00F8C93A /* GirisVC.swift */,
				46B38E862469B21000F8C93A /* KaydolVC.swift */,
			);
			path = Controller;
			sourceTree = "<group>";
		};
		46C9F3F62468BD1F00CDDD5D /* View */ = {
			isa = PBXGroup;
			children = (
				4626E89D2468C9210085F60E /* FikirCell.swift */,
			);
			path = View;
			sourceTree = "<group>";
		};
		46C9F3F72468BD2200CDDD5D /* Model */ = {
			isa = PBXGroup;
			children = (
				4626E8972468C2690085F60E /* Kategoriler.swift */,
				4626E8992468C35A0085F60E /* Sabitler.swift */,
				4626E89B2468C7EB0085F60E /* Fikir.swift */,
			);
			path = Model;
			sourceTree = "<group>";
		};
		87D3CB8FB39035D24CDA81CC /* Frameworks */ = {
			isa = PBXGroup;
			children = (
				5AC1A5ED488F7144BDB90FBC /* Pods_TatliSozluk.framework */,
			);
			name = Frameworks;
			sourceTree = "<group>";
		};
		8B8E8CFA1CE93DA6AF073DA1 /* Pods */ = {
			isa = PBXGroup;
			children = (
				6848FF7B3EFF5B37CFED81EC /* Pods-TatliSozluk.debug.xcconfig */,
				2971727C7D94D1F780055B48 /* Pods-TatliSozluk.release.xcconfig */,
			);
			path = Pods;
			sourceTree = "<group>";
		};
/* End PBXGroup section */

/* Begin PBXNativeTarget section */
		467AB4712464D92B00CB0809 /* TatliSozluk */ = {
			isa = PBXNativeTarget;
			buildConfigurationList = 467AB4862464D92D00CB0809 /* Build configuration list for PBXNativeTarget "TatliSozluk" */;
			buildPhases = (
				F7AB7E3C16CC080427331CFB /* [CP] Check Pods Manifest.lock */,
				467AB46E2464D92B00CB0809 /* Sources */,
				467AB46F2464D92B00CB0809 /* Frameworks */,
				467AB4702464D92B00CB0809 /* Resources */,
				6629BD6C95110F12182E961A /* [CP] Embed Pods Frameworks */,
			);
			buildRules = (
			);
			dependencies = (
			);
			name = TatliSozluk;
			productName = TatliSozluk;
			productReference = 467AB4722464D92B00CB0809 /* TatliSozluk.app */;
			productType = "com.apple.product-type.application";
		};
/* End PBXNativeTarget section */

/* Begin PBXProject section */
		467AB46A2464D92B00CB0809 /* Project object */ = {
			isa = PBXProject;
			attributes = {
				LastSwiftUpdateCheck = 1140;
				LastUpgradeCheck = 1140;
				ORGANIZATIONNAME = yunus;
				TargetAttributes = {
					467AB4712464D92B00CB0809 = {
						CreatedOnToolsVersion = 11.4.1;
					};
				};
			};
			buildConfigurationList = 467AB46D2464D92B00CB0809 /* Build configuration list for PBXProject "TatliSozluk" */;
			compatibilityVersion = "Xcode 9.3";
			developmentRegion = en;
			hasScannedForEncodings = 0;
			knownRegions = (
				en,
				Base,
			);
			mainGroup = 467AB4692464D92B00CB0809;
			productRefGroup = 467AB4732464D92B00CB0809 /* Products */;
			projectDirPath = "";
			projectRoot = "";
			targets = (
				467AB4712464D92B00CB0809 /* TatliSozluk */,
			);
		};
/* End PBXProject section */

/* Begin PBXResourcesBuildPhase section */
		467AB4702464D92B00CB0809 /* Resources */ = {
			isa = PBXResourcesBuildPhase;
			buildActionMask = 2147483647;
			files = (
				467AB4822464D92D00CB0809 /* LaunchScreen.storyboard in Resources */,
				467AB47F2464D92D00CB0809 /* Assets.xcassets in Resources */,
				467AB47D2464D92B00CB0809 /* Main.storyboard in Resources */,
				467AB48A2464DA8200CB0809 /* GoogleService-Info.plist in Resources */,
			);
			runOnlyForDeploymentPostprocessing = 0;
		};
/* End PBXResourcesBuildPhase section */

/* Begin PBXShellScriptBuildPhase section */
		6629BD6C95110F12182E961A /* [CP] Embed Pods Frameworks */ = {
			isa = PBXShellScriptBuildPhase;
			buildActionMask = 2147483647;
			files = (
			);
			inputFileListPaths = (
				"${PODS_ROOT}/Target Support Files/Pods-TatliSozluk/Pods-TatliSozluk-frameworks-${CONFIGURATION}-input-files.xcfilelist",
			);
			name = "[CP] Embed Pods Frameworks";
			outputFileListPaths = (
				"${PODS_ROOT}/Target Support Files/Pods-TatliSozluk/Pods-TatliSozluk-frameworks-${CONFIGURATION}-output-files.xcfilelist",
			);
			runOnlyForDeploymentPostprocessing = 0;
			shellPath = /bin/sh;
			shellScript = "\"${PODS_ROOT}/Target Support Files/Pods-TatliSozluk/Pods-TatliSozluk-frameworks.sh\"\n";
			showEnvVarsInLog = 0;
		};
		F7AB7E3C16CC080427331CFB /* [CP] Check Pods Manifest.lock */ = {
			isa = PBXShellScriptBuildPhase;
			buildActionMask = 2147483647;
			files = (
			);
			inputFileListPaths = (
			);
			inputPaths = (
				"${PODS_PODFILE_DIR_PATH}/Podfile.lock",
				"${PODS_ROOT}/Manifest.lock",
			);
			name = "[CP] Check Pods Manifest.lock";
			outputFileListPaths = (
			);
			outputPaths = (
				"$(DERIVED_FILE_DIR)/Pods-TatliSozluk-checkManifestLockResult.txt",
			);
			runOnlyForDeploymentPostprocessing = 0;
			shellPath = /bin/sh;
			shellScript = "diff \"${PODS_PODFILE_DIR_PATH}/Podfile.lock\" \"${PODS_ROOT}/Manifest.lock\" > /dev/null\nif [ $? != 0 ] ; then\n    # print error to STDERR\n    echo \"error: The sandbox is not in sync with the Podfile.lock. Run 'pod install' or update your CocoaPods installation.\" >&2\n    exit 1\nfi\n# This output is used by Xcode 'outputs' to avoid re-running this script phase.\necho \"SUCCESS\" > \"${SCRIPT_OUTPUT_FILE_0}\"\n";
			showEnvVarsInLog = 0;
		};
/* End PBXShellScriptBuildPhase section */

/* Begin PBXSourcesBuildPhase section */
		467AB46E2464D92B00CB0809 /* Sources */ = {
			isa = PBXSourcesBuildPhase;
			buildActionMask = 2147483647;
			files = (
				46B38E852469B07E00F8C93A /* GirisVC.swift in Sources */,
				467AB47A2464D92B00CB0809 /* AnaVC.swift in Sources */,
				4626E89A2468C35A0085F60E /* Sabitler.swift in Sources */,
				4626E89C2468C7EB0085F60E /* Fikir.swift in Sources */,
				46B38E872469B21000F8C93A /* KaydolVC.swift in Sources */,
				4626E8982468C2690085F60E /* Kategoriler.swift in Sources */,
				467AB4762464D92B00CB0809 /* AppDelegate.swift in Sources */,
				467AB4782464D92B00CB0809 /* SceneDelegate.swift in Sources */,
				467AB48C2464E46800CB0809 /* FikirEkleVC.swift in Sources */,
				4626E89E2468C9210085F60E /* FikirCell.swift in Sources */,
			);
			runOnlyForDeploymentPostprocessing = 0;
		};
/* End PBXSourcesBuildPhase section */

/* Begin PBXVariantGroup section */
		467AB47B2464D92B00CB0809 /* Main.storyboard */ = {
			isa = PBXVariantGroup;
			children = (
				467AB47C2464D92B00CB0809 /* Base */,
			);
			name = Main.storyboard;
			sourceTree = "<group>";
		};
		467AB4802464D92D00CB0809 /* LaunchScreen.storyboard */ = {
			isa = PBXVariantGroup;
			children = (
				467AB4812464D92D00CB0809 /* Base */,
			);
			name = LaunchScreen.storyboard;
			sourceTree = "<group>";
		};
/* End PBXVariantGroup section */

/* Begin XCBuildConfiguration section */
		467AB4842464D92D00CB0809 /* Debug */ = {
			isa = XCBuildConfiguration;
			buildSettings = {
				ALWAYS_SEARCH_USER_PATHS = NO;
				CLANG_ANALYZER_NONNULL = YES;
				CLANG_ANALYZER_NUMBER_OBJECT_CONVERSION = YES_AGGRESSIVE;
				CLANG_CXX_LANGUAGE_STANDARD = "gnu++14";
				CLANG_CXX_LIBRARY = "libc++";
				CLANG_ENABLE_MODULES = YES;
				CLANG_ENABLE_OBJC_ARC = YES;
				CLANG_ENABLE_OBJC_WEAK = YES;
				CLANG_WARN_BLOCK_CAPTURE_AUTORELEASING = YES;
				CLANG_WARN_BOOL_CONVERSION = YES;
				CLANG_WARN_COMMA = YES;
				CLANG_WARN_CONSTANT_CONVERSION = YES;
				CLANG_WARN_DEPRECATED_OBJC_IMPLEMENTATIONS = YES;
				CLANG_WARN_DIRECT_OBJC_ISA_USAGE = YES_ERROR;
				CLANG_WARN_DOCUMENTATION_COMMENTS = YES;
				CLANG_WARN_EMPTY_BODY = YES;
				CLANG_WARN_ENUM_CONVERSION = YES;
				CLANG_WARN_INFINITE_RECURSION = YES;
				CLANG_WARN_INT_CONVERSION = YES;
				CLANG_WARN_NON_LITERAL_NULL_CONVERSION = YES;
				CLANG_WARN_OBJC_IMPLICIT_RETAIN_SELF = YES;
				CLANG_WARN_OBJC_LITERAL_CONVERSION = YES;
				CLANG_WARN_OBJC_ROOT_CLASS = YES_ERROR;
				CLANG_WARN_RANGE_LOOP_ANALYSIS = YES;
				CLANG_WARN_STRICT_PROTOTYPES = YES;
				CLANG_WARN_SUSPICIOUS_MOVE = YES;
				CLANG_WARN_UNGUARDED_AVAILABILITY = YES_AGGRESSIVE;
				CLANG_WARN_UNREACHABLE_CODE = YES;
				CLANG_WARN__DUPLICATE_METHOD_MATCH = YES;
				COPY_PHASE_STRIP = NO;
				DEBUG_INFORMATION_FORMAT = dwarf;
				ENABLE_STRICT_OBJC_MSGSEND = YES;
				ENABLE_TESTABILITY = YES;
				GCC_C_LANGUAGE_STANDARD = gnu11;
				GCC_DYNAMIC_NO_PIC = NO;
				GCC_NO_COMMON_BLOCKS = YES;
				GCC_OPTIMIZATION_LEVEL = 0;
				GCC_PREPROCESSOR_DEFINITIONS = (
					"DEBUG=1",
					"$(inherited)",
				);
				GCC_WARN_64_TO_32_BIT_CONVERSION = YES;
				GCC_WARN_ABOUT_RETURN_TYPE = YES_ERROR;
				GCC_WARN_UNDECLARED_SELECTOR = YES;
				GCC_WARN_UNINITIALIZED_AUTOS = YES_AGGRESSIVE;
				GCC_WARN_UNUSED_FUNCTION = YES;
				GCC_WARN_UNUSED_VARIABLE = YES;
				IPHONEOS_DEPLOYMENT_TARGET = 13.4;
				MTL_ENABLE_DEBUG_INFO = INCLUDE_SOURCE;
				MTL_FAST_MATH = YES;
				ONLY_ACTIVE_ARCH = YES;
				SDKROOT = iphoneos;
				SWIFT_ACTIVE_COMPILATION_CONDITIONS = DEBUG;
				SWIFT_OPTIMIZATION_LEVEL = "-Onone";
			};
			name = Debug;
		};
		467AB4852464D92D00CB0809 /* Release */ = {
			isa = XCBuildConfiguration;
			buildSettings = {
				ALWAYS_SEARCH_USER_PATHS = NO;
				CLANG_ANALYZER_NONNULL = YES;
				CLANG_ANALYZER_NUMBER_OBJECT_CONVERSION = YES_AGGRESSIVE;
				CLANG_CXX_LANGUAGE_STANDARD = "gnu++14";
				CLANG_CXX_LIBRARY = "libc++";
				CLANG_ENABLE_MODULES = YES;
				CLANG_ENABLE_OBJC_ARC = YES;
				CLANG_ENABLE_OBJC_WEAK = YES;
				CLANG_WARN_BLOCK_CAPTURE_AUTORELEASING = YES;
				CLANG_WARN_BOOL_CONVERSION = YES;
				CLANG_WARN_COMMA = YES;
				CLANG_WARN_CONSTANT_CONVERSION = YES;
				CLANG_WARN_DEPRECATED_OBJC_IMPLEMENTATIONS = YES;
				CLANG_WARN_DIRECT_OBJC_ISA_USAGE = YES_ERROR;
				CLANG_WARN_DOCUMENTATION_COMMENTS = YES;
				CLANG_WARN_EMPTY_BODY = YES;
				CLANG_WARN_ENUM_CONVERSION = YES;
				CLANG_WARN_INFINITE_RECURSION = YES;
				CLANG_WARN_INT_CONVERSION = YES;
				CLANG_WARN_NON_LITERAL_NULL_CONVERSION = YES;
				CLANG_WARN_OBJC_IMPLICIT_RETAIN_SELF = YES;
				CLANG_WARN_OBJC_LITERAL_CONVERSION = YES;
				CLANG_WARN_OBJC_ROOT_CLASS = YES_ERROR;
				CLANG_WARN_RANGE_LOOP_ANALYSIS = YES;
				CLANG_WARN_STRICT_PROTOTYPES = YES;
				CLANG_WARN_SUSPICIOUS_MOVE = YES;
				CLANG_WARN_UNGUARDED_AVAILABILITY = YES_AGGRESSIVE;
				CLANG_WARN_UNREACHABLE_CODE = YES;
				CLANG_WARN__DUPLICATE_METHOD_MATCH = YES;
				COPY_PHASE_STRIP = NO;
				DEBUG_INFORMATION_FORMAT = "dwarf-with-dsym";
				ENABLE_NS_ASSERTIONS = NO;
				ENABLE_STRICT_OBJC_MSGSEND = YES;
				GCC_C_LANGUAGE_STANDARD = gnu11;
				GCC_NO_COMMON_BLOCKS = YES;
				GCC_WARN_64_TO_32_BIT_CONVERSION = YES;
				GCC_WARN_ABOUT_RETURN_TYPE = YES_ERROR;
				GCC_WARN_UNDECLARED_SELECTOR = YES;
				GCC_WARN_UNINITIALIZED_AUTOS = YES_AGGRESSIVE;
				GCC_WARN_UNUSED_FUNCTION = YES;
				GCC_WARN_UNUSED_VARIABLE = YES;
				IPHONEOS_DEPLOYMENT_TARGET = 13.4;
				MTL_ENABLE_DEBUG_INFO = NO;
				MTL_FAST_MATH = YES;
				SDKROOT = iphoneos;
				SWIFT_COMPILATION_MODE = wholemodule;
				SWIFT_OPTIMIZATION_LEVEL = "-O";
				VALIDATE_PRODUCT = YES;
			};
			name = Release;
		};
		467AB4872464D92D00CB0809 /* Debug */ = {
			isa = XCBuildConfiguration;
			baseConfigurationReference = 6848FF7B3EFF5B37CFED81EC /* Pods-TatliSozluk.debug.xcconfig */;
			buildSettings = {
				ASSETCATALOG_COMPILER_APPICON_NAME = AppIcon;
				CODE_SIGN_STYLE = Automatic;
				DEVELOPMENT_TEAM = CS5U6H6N2L;
				INFOPLIST_FILE = TatliSozluk/Info.plist;
				LD_RUNPATH_SEARCH_PATHS = (
					"$(inherited)",
					"@executable_path/Frameworks",
				);
				PRODUCT_BUNDLE_IDENTIFIER = com.yunus.TatliSozluk;
				PRODUCT_NAME = "$(TARGET_NAME)";
				SWIFT_VERSION = 5.0;
				TARGETED_DEVICE_FAMILY = 1;
			};
			name = Debug;
		};
		467AB4882464D92D00CB0809 /* Release */ = {
			isa = XCBuildConfiguration;
			baseConfigurationReference = 2971727C7D94D1F780055B48 /* Pods-TatliSozluk.release.xcconfig */;
			buildSettings = {
				ASSETCATALOG_COMPILER_APPICON_NAME = AppIcon;
				CODE_SIGN_STYLE = Automatic;
				DEVELOPMENT_TEAM = CS5U6H6N2L;
				INFOPLIST_FILE = TatliSozluk/Info.plist;
				LD_RUNPATH_SEARCH_PATHS = (
					"$(inherited)",
					"@executable_path/Frameworks",
				);
				PRODUCT_BUNDLE_IDENTIFIER = com.yunus.TatliSozluk;
				PRODUCT_NAME = "$(TARGET_NAME)";
				SWIFT_VERSION = 5.0;
				TARGETED_DEVICE_FAMILY = 1;
			};
			name = Release;
		};
/* End XCBuildConfiguration section */

/* Begin XCConfigurationList section */
		467AB46D2464D92B00CB0809 /* Build configuration list for PBXProject "TatliSozluk" */ = {
			isa = XCConfigurationList;
			buildConfigurations = (
				467AB4842464D92D00CB0809 /* Debug */,
				467AB4852464D92D00CB0809 /* Release */,
			);
			defaultConfigurationIsVisible = 0;
			defaultConfigurationName = Release;
		};
		467AB4862464D92D00CB0809 /* Build configuration list for PBXNativeTarget "TatliSozluk" */ = {
			isa = XCConfigurationList;
			buildConfigurations = (
				467AB4872464D92D00CB0809 /* Debug */,
				467AB4882464D92D00CB0809 /* Release */,
			);
			defaultConfigurationIsVisible = 0;
			defaultConfigurationName = Release;
		};
/* End XCConfigurationList section */
	};
	rootObject = 467AB46A2464D92B00CB0809 /* Project object */;
}
